
Microsoft Visual Studio Solution File, Format Version 12.00
# Visual Studio Version 16
VisualStudioVersion = 16.0.31005.135
MinimumVisualStudioVersion = 10.0.40219.1
Project("{8BC9CEB8-8B4A-11D0-8D11-00A0C91BC942}") = "part 2", "part 2\part 2.vcxproj", "{E42858BF-3157-4638-8016-429501D391C0}"
EndProject
Project("{8BC9CEB8-8B4A-11D0-8D11-00A0C91BC942}") = "part 1", "part 1\part 1.vcxproj", "{124BCF17-9669-4905-98BE-B417D5196CE9}"
EndProject
Global
	GlobalSection(SolutionConfigurationPlatforms) = preSolution
		Debug|x64 = Debug|x64
		Debug|x86 = Debug|x86
		Release|x64 = Release|x64
		Release|x86 = Release|x86
	EndGlobalSection
	GlobalSection(ProjectConfigurationPlatforms) = postSolution
		{E42858BF-3157-4638-8016-429501D391C0}.Debug|x64.ActiveCfg = Debug|x64
		{E42858BF-3157-4638-8016-429501D391C0}.Debug|x64.Build.0 = Debug|x64
		{E42858BF-3157-4638-8016-429501D391C0}.Debug|x86.ActiveCfg = Debug|Win32
		{E42858BF-3157-4638-8016-429501D391C0}.Debug|x86.Build.0 = Debug|Win32
		{E42858BF-3157-4638-8016-429501D391C0}.Release|x64.ActiveCfg = Release|x64
		{E42858BF-3157-4638-8016-429501D391C0}.Release|x64.Build.0 = Release|x64
		{E42858BF-3157-4638-8016-429501D391C0}.Release|x86.ActiveCfg = Release|Win32
		{E42858BF-3157-4638-8016-429501D391C0}.Release|x86.Build.0 = Release|Win32
		{124BCF17-9669-4905-98BE-B417D5196CE9}.Debug|x64.ActiveCfg = Debug|x64
		{124BCF17-9669-4905-98BE-B417D5196CE9}.Debug|x64.Build.0 = Debug|x64
		{124BCF17-9669-4905-98BE-B417D5196CE9}.Debug|x86.ActiveCfg = Debug|Win32
		{124BCF17-9669-4905-98BE-B417D5196CE9}.Debug|x86.Build.0 = Debug|Win32
		{124BCF17-9669-4905-98BE-B417D5196CE9}.Release|x64.ActiveCfg = Release|x64
		{124BCF17-9669-4905-98BE-B417D5196CE9}.Release|x64.Build.0 = Release|x64
		{124BCF17-9669-4905-98BE-B417D5196CE9}.Release|x86.ActiveCfg = Release|Win32
		{124BCF17-9669-4905-98BE-B417D5196CE9}.Release|x86.Build.0 = Release|Win32
	EndGlobalSection
	GlobalSection(SolutionProperties) = preSolution
		HideSolutionNode = FALSE
	EndGlobalSection
	GlobalSection(ExtensibilityGlobals) = postSolution
		SolutionGuid = {685C378C-8DA0-4D5E-9752-CE242C4E02D8}
	EndGlobalSection
EndGlobal
